
Microsoft Visual Studio Solution File, Format Version 12.00
# Visual Studio Version 17
VisualStudioVersion = 17.1.32421.90
MinimumVisualStudioVersion = 10.0.40219.1
Project("{9A19103F-16F7-4668-BE54-9A1E7A4F7556}") = "EX1", "EX1\EX1.csproj", "{60C48429-6DC5-47A3-A142-A57E1AF74EAF}"
EndProject
Project("{FAE04EC0-301F-11D3-BF4B-00C04F79EFBC}") = "EX2", "EX2\EX2.csproj", "{40AB0C09-14CE-496B-85F7-81FCC74B0321}"
EndProject
Global
	GlobalSection(SolutionConfigurationPlatforms) = preSolution
		Debug|Any CPU = Debug|Any CPU
		Release|Any CPU = Release|Any CPU
	EndGlobalSection
	GlobalSection(ProjectConfigurationPlatforms) = postSolution
		{60C48429-6DC5-47A3-A142-A57E1AF74EAF}.Debug|Any CPU.ActiveCfg = Debug|Any CPU
		{60C48429-6DC5-47A3-A142-A57E1AF74EAF}.Debug|Any CPU.Build.0 = Debug|Any CPU
		{60C48429-6DC5-47A3-A142-A57E1AF74EAF}.Release|Any CPU.ActiveCfg = Release|Any CPU
		{60C48429-6DC5-47A3-A142-A57E1AF74EAF}.Release|Any CPU.Build.0 = Release|Any CPU
		{40AB0C09-14CE-496B-85F7-81FCC74B0321}.Debug|Any CPU.ActiveCfg = Debug|Any CPU
		{40AB0C09-14CE-496B-85F7-81FCC74B0321}.Debug|Any CPU.Build.0 = Debug|Any CPU
		{40AB0C09-14CE-496B-85F7-81FCC74B0321}.Release|Any CPU.ActiveCfg = Release|Any CPU
		{40AB0C09-14CE-496B-85F7-81FCC74B0321}.Release|Any CPU.Build.0 = Release|Any CPU
	EndGlobalSection
	GlobalSection(SolutionProperties) = preSolution
		HideSolutionNode = FALSE
	EndGlobalSection
	GlobalSection(ExtensibilityGlobals) = postSolution
		SolutionGuid = {61B34B6C-591B-4F4B-B4D0-67A8E72540FB}
	EndGlobalSection
EndGlobal
